// !$*UTF8*$!
{
	archiveVersion = 1;
	classes = {
	};
	objectVersion = 56;
	objects = {

/* Begin PBXBuildFile section */
		C5DD76B729F1285E004842FF /* AppDelegate.m in Sources */ = {isa = PBXBuildFile; fileRef = C5DD76B629F1285E004842FF /* AppDelegate.m */; };
		C5DD76BA29F1285E004842FF /* SceneDelegate.m in Sources */ = {isa = PBXBuildFile; fileRef = C5DD76B929F1285E004842FF /* SceneDelegate.m */; };
		C5DD76BD29F1285E004842FF /* ViewController.m in Sources */ = {isa = PBXBuildFile; fileRef = C5DD76BC29F1285E004842FF /* ViewController.m */; };
		C5DD76C029F1285E004842FF /* Main.storyboard in Resources */ = {isa = PBXBuildFile; fileRef = C5DD76BE29F1285E004842FF /* Main.storyboard */; };
		C5DD76C229F1285F004842FF /* Assets.xcassets in Resources */ = {isa = PBXBuildFile; fileRef = C5DD76C129F1285F004842FF /* Assets.xcassets */; };
		C5DD76C529F1285F004842FF /* LaunchScreen.storyboard in Resources */ = {isa = PBXBuildFile; fileRef = C5DD76C329F1285F004842FF /* LaunchScreen.storyboard */; };
		C5DD76C829F1285F004842FF /* main.m in Sources */ = {isa = PBXBuildFile; fileRef = C5DD76C729F1285F004842FF /* main.m */; };
		C5DD76D229F1285F004842FF /* quicStreamDemoTests.m in Sources */ = {isa = PBXBuildFile; fileRef = C5DD76D129F1285F004842FF /* quicStreamDemoTests.m */; };
		C5DD76DC29F1285F004842FF /* quicStreamDemoUITests.m in Sources */ = {isa = PBXBuildFile; fileRef = C5DD76DB29F1285F004842FF /* quicStreamDemoUITests.m */; };
		C5DD76DE29F1285F004842FF /* quicStreamDemoUITestsLaunchTests.m in Sources */ = {isa = PBXBuildFile; fileRef = C5DD76DD29F1285F004842FF /* quicStreamDemoUITestsLaunchTests.m */; };
		C5DD76EC29F12B34004842FF /* Network.framework in Frameworks */ = {isa = PBXBuildFile; fileRef = C5DD76EB29F12B34004842FF /* Network.framework */; };
/* End PBXBuildFile section */

/* Begin PBXContainerItemProxy section */
		C5DD76CE29F1285F004842FF /* PBXContainerItemProxy */ = {
			isa = PBXContainerItemProxy;
			containerPortal = C5DD76AA29F1285E004842FF /* Project object */;
			proxyType = 1;
			remoteGlobalIDString = C5DD76B129F1285E004842FF;
			remoteInfo = quicStreamDemo;
		};
		C5DD76D829F1285F004842FF /* PBXContainerItemProxy */ = {
			isa = PBXContainerItemProxy;
			containerPortal = C5DD76AA29F1285E004842FF /* Project object */;
			proxyType = 1;
			remoteGlobalIDString = C5DD76B129F1285E004842FF;
			remoteInfo = quicStreamDemo;
		};
/* End PBXContainerItemProxy section */

/* Begin PBXFileReference section */
		C5DD76B229F1285E004842FF /* quicStreamDemo.app */ = {isa = PBXFileReference; explicitFileType = wrapper.application; includeInIndex = 0; path = quicStreamDemo.app; sourceTree = BUILT_PRODUCTS_DIR; };
		C5DD76B529F1285E004842FF /* AppDelegate.h */ = {isa = PBXFileReference; lastKnownFileType = sourcecode.c.h; path = AppDelegate.h; sourceTree = "<group>"; };
		C5DD76B629F1285E004842FF /* AppDelegate.m */ = {isa = PBXFileReference; lastKnownFileType = sourcecode.c.objc; path = AppDelegate.m; sourceTree = "<group>"; };
		C5DD76B829F1285E004842FF /* SceneDelegate.h */ = {isa = PBXFileReference; lastKnownFileType = sourcecode.c.h; path = SceneDelegate.h; sourceTree = "<group>"; };
		C5DD76B929F1285E004842FF /* SceneDelegate.m */ = {isa = PBXFileReference; lastKnownFileType = sourcecode.c.objc; path = SceneDelegate.m; sourceTree = "<group>"; };
		C5DD76BB29F1285E004842FF /* ViewController.h */ = {isa = PBXFileReference; lastKnownFileType = sourcecode.c.h; path = ViewController.h; sourceTree = "<group>"; };
		C5DD76BC29F1285E004842FF /* ViewController.m */ = {isa = PBXFileReference; lastKnownFileType = sourcecode.c.objc; path = ViewController.m; sourceTree = "<group>"; };
		C5DD76BF29F1285E004842FF /* Base */ = {isa = PBXFileReference; lastKnownFileType = file.storyboard; name = Base; path = Base.lproj/Main.storyboard; sourceTree = "<group>"; };
		C5DD76C129F1285F004842FF /* Assets.xcassets */ = {isa = PBXFileReference; lastKnownFileType = folder.assetcatalog; path = Assets.xcassets; sourceTree = "<group>"; };
		C5DD76C429F1285F004842FF /* Base */ = {isa = PBXFileReference; lastKnownFileType = file.storyboard; name = Base; path = Base.lproj/LaunchScreen.storyboard; sourceTree = "<group>"; };
		C5DD76C629F1285F004842FF /* Info.plist */ = {isa = PBXFileReference; lastKnownFileType = text.plist.xml; path = Info.plist; sourceTree = "<group>"; };
		C5DD76C729F1285F004842FF /* main.m */ = {isa = PBXFileReference; lastKnownFileType = sourcecode.c.objc; path = main.m; sourceTree = "<group>"; };
		C5DD76CD29F1285F004842FF /* quicStreamDemoTests.xctest */ = {isa = PBXFileReference; explicitFileType = wrapper.cfbundle; includeInIndex = 0; path = quicStreamDemoTests.xctest; sourceTree = BUILT_PRODUCTS_DIR; };
		C5DD76D129F1285F004842FF /* quicStreamDemoTests.m */ = {isa = PBXFileReference; lastKnownFileType = sourcecode.c.objc; path = quicStreamDemoTests.m; sourceTree = "<group>"; };
		C5DD76D729F1285F004842FF /* quicStreamDemoUITests.xctest */ = {isa = PBXFileReference; explicitFileType = wrapper.cfbundle; includeInIndex = 0; path = quicStreamDemoUITests.xctest; sourceTree = BUILT_PRODUCTS_DIR; };
		C5DD76DB29F1285F004842FF /* quicStreamDemoUITests.m */ = {isa = PBXFileReference; lastKnownFileType = sourcecode.c.objc; path = quicStreamDemoUITests.m; sourceTree = "<group>"; };
		C5DD76DD29F1285F004842FF /* quicStreamDemoUITestsLaunchTests.m */ = {isa = PBXFileReference; lastKnownFileType = sourcecode.c.objc; path = quicStreamDemoUITestsLaunchTests.m; sourceTree = "<group>"; };
		C5DD76EB29F12B34004842FF /* Network.framework */ = {isa = PBXFileReference; lastKnownFileType = wrapper.framework; name = Network.framework; path = System/Library/Frameworks/Network.framework; sourceTree = SDKROOT; };
/* End PBXFileReference section */

/* Begin PBXFrameworksBuildPhase section */
		C5DD76AF29F1285E004842FF /* Frameworks */ = {
			isa = PBXFrameworksBuildPhase;
			buildActionMask = 2147483647;
			files = (
				C5DD76EC29F12B34004842FF /* Network.framework in Frameworks */,
			);
			runOnlyForDeploymentPostprocessing = 0;
		};
		C5DD76CA29F1285F004842FF /* Frameworks */ = {
			isa = PBXFrameworksBuildPhase;
			buildActionMask = 2147483647;
			files = (
			);
			runOnlyForDeploymentPostprocessing = 0;
		};
		C5DD76D429F1285F004842FF /* Frameworks */ = {
			isa = PBXFrameworksBuildPhase;
			buildActionMask = 2147483647;
			files = (
			);
			runOnlyForDeploymentPostprocessing = 0;
		};
/* End PBXFrameworksBuildPhase section */

/* Begin PBXGroup section */
		C5DD76A929F1285E004842FF = {
			isa = PBXGroup;
			children = (
				C5DD76B429F1285E004842FF /* quicStreamDemo */,
				C5DD76D029F1285F004842FF /* quicStreamDemoTests */,
				C5DD76DA29F1285F004842FF /* quicStreamDemoUITests */,
				C5DD76B329F1285E004842FF /* Products */,
				C5DD76EA29F12B34004842FF /* Frameworks */,
			);
			sourceTree = "<group>";
		};
		C5DD76B329F1285E004842FF /* Products */ = {
			isa = PBXGroup;
			children = (
				C5DD76B229F1285E004842FF /* quicStreamDemo.app */,
				C5DD76CD29F1285F004842FF /* quicStreamDemoTests.xctest */,
				C5DD76D729F1285F004842FF /* quicStreamDemoUITests.xctest */,
			);
			name = Products;
			sourceTree = "<group>";
		};
		C5DD76B429F1285E004842FF /* quicStreamDemo */ = {
			isa = PBXGroup;
			children = (
				C5DD76B529F1285E004842FF /* AppDelegate.h */,
				C5DD76B629F1285E004842FF /* AppDelegate.m */,
				C5DD76B829F1285E004842FF /* SceneDelegate.h */,
				C5DD76B929F1285E004842FF /* SceneDelegate.m */,
				C5DD76BB29F1285E004842FF /* ViewController.h */,
				C5DD76BC29F1285E004842FF /* ViewController.m */,
				C5DD76BE29F1285E004842FF /* Main.storyboard */,
				C5DD76C129F1285F004842FF /* Assets.xcassets */,
				C5DD76C329F1285F004842FF /* LaunchScreen.storyboard */,
				C5DD76C629F1285F004842FF /* Info.plist */,
				C5DD76C729F1285F004842FF /* main.m */,
			);
			path = quicStreamDemo;
			sourceTree = "<group>";
		};
		C5DD76D029F1285F004842FF /* quicStreamDemoTests */ = {
			isa = PBXGroup;
			children = (
				C5DD76D129F1285F004842FF /* quicStreamDemoTests.m */,
			);
			path = quicStreamDemoTests;
			sourceTree = "<group>";
		};
		C5DD76DA29F1285F004842FF /* quicStreamDemoUITests */ = {
			isa = PBXGroup;
			children = (
				C5DD76DB29F1285F004842FF /* quicStreamDemoUITests.m */,
				C5DD76DD29F1285F004842FF /* quicStreamDemoUITestsLaunchTests.m */,
			);
			path = quicStreamDemoUITests;
			sourceTree = "<group>";
		};
		C5DD76EA29F12B34004842FF /* Frameworks */ = {
			isa = PBXGroup;
			children = (
				C5DD76EB29F12B34004842FF /* Network.framework */,
			);
			name = Frameworks;
			sourceTree = "<group>";
		};
/* End PBXGroup section */

/* Begin PBXNativeTarget section */
		C5DD76B129F1285E004842FF /* quicStreamDemo */ = {
			isa = PBXNativeTarget;
			buildConfigurationList = C5DD76E129F1285F004842FF /* Build configuration list for PBXNativeTarget "quicStreamDemo" */;
			buildPhases = (
				C5DD76AE29F1285E004842FF /* Sources */,
				C5DD76AF29F1285E004842FF /* Frameworks */,
				C5DD76B029F1285E004842FF /* Resources */,
			);
			buildRules = (
			);
			dependencies = (
			);
			name = quicStreamDemo;
			productName = quicStreamDemo;
			productReference = C5DD76B229F1285E004842FF /* quicStreamDemo.app */;
			productType = "com.apple.product-type.application";
		};
		C5DD76CC29F1285F004842FF /* quicStreamDemoTests */ = {
			isa = PBXNativeTarget;
			buildConfigurationList = C5DD76E429F1285F004842FF /* Build configuration list for PBXNativeTarget "quicStreamDemoTests" */;
			buildPhases = (
				C5DD76C929F1285F004842FF /* Sources */,
				C5DD76CA29F1285F004842FF /* Frameworks */,
				C5DD76CB29F1285F004842FF /* Resources */,
			);
			buildRules = (
			);
			dependencies = (
				C5DD76CF29F1285F004842FF /* PBXTargetDependency */,
			);
			name = quicStreamDemoTests;
			productName = quicStreamDemoTests;
			productReference = C5DD76CD29F1285F004842FF /* quicStreamDemoTests.xctest */;
			productType = "com.apple.product-type.bundle.unit-test";
		};
		C5DD76D629F1285F004842FF /* quicStreamDemoUITests */ = {
			isa = PBXNativeTarget;
			buildConfigurationList = C5DD76E729F1285F004842FF /* Build configuration list for PBXNativeTarget "quicStreamDemoUITests" */;
			buildPhases = (
				C5DD76D329F1285F004842FF /* Sources */,
				C5DD76D429F1285F004842FF /* Frameworks */,
				C5DD76D529F1285F004842FF /* Resources */,
			);
			buildRules = (
			);
			dependencies = (
				C5DD76D929F1285F004842FF /* PBXTargetDependency */,
			);
			name = quicStreamDemoUITests;
			productName = quicStreamDemoUITests;
			productReference = C5DD76D729F1285F004842FF /* quicStreamDemoUITests.xctest */;
			productType = "com.apple.product-type.bundle.ui-testing";
		};
/* End PBXNativeTarget section */

/* Begin PBXProject section */
		C5DD76AA29F1285E004842FF /* Project object */ = {
			isa = PBXProject;
			attributes = {
				BuildIndependentTargetsInParallel = 1;
				LastUpgradeCheck = 1420;
				TargetAttributes = {
					C5DD76B129F1285E004842FF = {
						CreatedOnToolsVersion = 14.2;
					};
					C5DD76CC29F1285F004842FF = {
						CreatedOnToolsVersion = 14.2;
						TestTargetID = C5DD76B129F1285E004842FF;
					};
					C5DD76D629F1285F004842FF = {
						CreatedOnToolsVersion = 14.2;
						TestTargetID = C5DD76B129F1285E004842FF;
					};
				};
			};
			buildConfigurationList = C5DD76AD29F1285E004842FF /* Build configuration list for PBXProject "quicStreamDemo" */;
			compatibilityVersion = "Xcode 14.0";
			developmentRegion = en;
			hasScannedForEncodings = 0;
			knownRegions = (
				en,
				Base,
			);
			mainGroup = C5DD76A929F1285E004842FF;
			productRefGroup = C5DD76B329F1285E004842FF /* Products */;
			projectDirPath = "";
			projectRoot = "";
			targets = (
				C5DD76B129F1285E004842FF /* quicStreamDemo */,
				C5DD76CC29F1285F004842FF /* quicStreamDemoTests */,
				C5DD76D629F1285F004842FF /* quicStreamDemoUITests */,
			);
		};
/* End PBXProject section */

/* Begin PBXResourcesBuildPhase section */
		C5DD76B029F1285E004842FF /* Resources */ = {
			isa = PBXResourcesBuildPhase;
			buildActionMask = 2147483647;
			files = (
				C5DD76C529F1285F004842FF /* LaunchScreen.storyboard in Resources */,
				C5DD76C229F1285F004842FF /* Assets.xcassets in Resources */,
				C5DD76C029F1285E004842FF /* Main.storyboard in Resources */,
			);
			runOnlyForDeploymentPostprocessing = 0;
		};
		C5DD76CB29F1285F004842FF /* Resources */ = {
			isa = PBXResourcesBuildPhase;
			buildActionMask = 2147483647;
			files = (
			);
			runOnlyForDeploymentPostprocessing = 0;
		};
		C5DD76D529F1285F004842FF /* Resources */ = {
			isa = PBXResourcesBuildPhase;
			buildActionMask = 2147483647;
			files = (
			);
			runOnlyForDeploymentPostprocessing = 0;
		};
/* End PBXResourcesBuildPhase section */

/* Begin PBXSourcesBuildPhase section */
		C5DD76AE29F1285E004842FF /* Sources */ = {
			isa = PBXSourcesBuildPhase;
			buildActionMask = 2147483647;
			files = (
				C5DD76BD29F1285E004842FF /* ViewController.m in Sources */,
				C5DD76B729F1285E004842FF /* AppDelegate.m in Sources */,
				C5DD76C829F1285F004842FF /* main.m in Sources */,
				C5DD76BA29F1285E004842FF /* SceneDelegate.m in Sources */,
			);
			runOnlyForDeploymentPostprocessing = 0;
		};
		C5DD76C929F1285F004842FF /* Sources */ = {
			isa = PBXSourcesBuildPhase;
			buildActionMask = 2147483647;
			files = (
				C5DD76D229F1285F004842FF /* quicStreamDemoTests.m in Sources */,
			);
			runOnlyForDeploymentPostprocessing = 0;
		};
		C5DD76D329F1285F004842FF /* Sources */ = {
			isa = PBXSourcesBuildPhase;
			buildActionMask = 2147483647;
			files = (
				C5DD76DC29F1285F004842FF /* quicStreamDemoUITests.m in Sources */,
				C5DD76DE29F1285F004842FF /* quicStreamDemoUITestsLaunchTests.m in Sources */,
			);
			runOnlyForDeploymentPostprocessing = 0;
		};
/* End PBXSourcesBuildPhase section */

/* Begin PBXTargetDependency section */
		C5DD76CF29F1285F004842FF /* PBXTargetDependency */ = {
			isa = PBXTargetDependency;
			target = C5DD76B129F1285E004842FF /* quicStreamDemo */;
			targetProxy = C5DD76CE29F1285F004842FF /* PBXContainerItemProxy */;
		};
		C5DD76D929F1285F004842FF /* PBXTargetDependency */ = {
			isa = PBXTargetDependency;
			target = C5DD76B129F1285E004842FF /* quicStreamDemo */;
			targetProxy = C5DD76D829F1285F004842FF /* PBXContainerItemProxy */;
		};
/* End PBXTargetDependency section */

/* Begin PBXVariantGroup section */
		C5DD76BE29F1285E004842FF /* Main.storyboard */ = {
			isa = PBXVariantGroup;
			children = (
				C5DD76BF29F1285E004842FF /* Base */,
			);
			name = Main.storyboard;
			sourceTree = "<group>";
		};
		C5DD76C329F1285F004842FF /* LaunchScreen.storyboard */ = {
			isa = PBXVariantGroup;
			children = (
				C5DD76C429F1285F004842FF /* Base */,
			);
			name = LaunchScreen.storyboard;
			sourceTree = "<group>";
		};
/* End PBXVariantGroup section */

/* Begin XCBuildConfiguration section */
		C5DD76DF29F1285F004842FF /* Debug */ = {
			isa = XCBuildConfiguration;
			buildSettings = {
				ALWAYS_SEARCH_USER_PATHS = NO;
				CLANG_ANALYZER_NONNULL = YES;
				CLANG_ANALYZER_NUMBER_OBJECT_CONVERSION = YES_AGGRESSIVE;
				CLANG_CXX_LANGUAGE_STANDARD = "gnu++20";
				CLANG_ENABLE_MODULES = YES;
				CLANG_ENABLE_OBJC_ARC = YES;
				CLANG_ENABLE_OBJC_WEAK = YES;
				CLANG_WARN_BLOCK_CAPTURE_AUTORELEASING = YES;
				CLANG_WARN_BOOL_CONVERSION = YES;
				CLANG_WARN_COMMA = YES;
				CLANG_WARN_CONSTANT_CONVERSION = YES;
				CLANG_WARN_DEPRECATED_OBJC_IMPLEMENTATIONS = YES;
				CLANG_WARN_DIRECT_OBJC_ISA_USAGE = YES_ERROR;
				CLANG_WARN_DOCUMENTATION_COMMENTS = YES;
				CLANG_WARN_EMPTY_BODY = YES;
				CLANG_WARN_ENUM_CONVERSION = YES;
				CLANG_WARN_INFINITE_RECURSION = YES;
				CLANG_WARN_INT_CONVERSION = YES;
				CLANG_WARN_NON_LITERAL_NULL_CONVERSION = YES;
				CLANG_WARN_OBJC_IMPLICIT_RETAIN_SELF = YES;
				CLANG_WARN_OBJC_LITERAL_CONVERSION = YES;
				CLANG_WARN_OBJC_ROOT_CLASS = YES_ERROR;
				CLANG_WARN_QUOTED_INCLUDE_IN_FRAMEWORK_HEADER = YES;
				CLANG_WARN_RANGE_LOOP_ANALYSIS = YES;
				CLANG_WARN_STRICT_PROTOTYPES = YES;
				CLANG_WARN_SUSPICIOUS_MOVE = YES;
				CLANG_WARN_UNGUARDED_AVAILABILITY = YES_AGGRESSIVE;
				CLANG_WARN_UNREACHABLE_CODE = YES;
				CLANG_WARN__DUPLICATE_METHOD_MATCH = YES;
				COPY_PHASE_STRIP = NO;
				DEBUG_INFORMATION_FORMAT = dwarf;
				ENABLE_STRICT_OBJC_MSGSEND = YES;
				ENABLE_TESTABILITY = YES;
				GCC_C_LANGUAGE_STANDARD = gnu11;
				GCC_DYNAMIC_NO_PIC = NO;
				GCC_NO_COMMON_BLOCKS = YES;
				GCC_OPTIMIZATION_LEVEL = 0;
				GCC_PREPROCESSOR_DEFINITIONS = (
					"DEBUG=1",
					"$(inherited)",
				);
				GCC_WARN_64_TO_32_BIT_CONVERSION = YES;
				GCC_WARN_ABOUT_RETURN_TYPE = YES_ERROR;
				GCC_WARN_UNDECLARED_SELECTOR = YES;
				GCC_WARN_UNINITIALIZED_AUTOS = YES_AGGRESSIVE;
				GCC_WARN_UNUSED_FUNCTION = YES;
				GCC_WARN_UNUSED_VARIABLE = YES;
				IPHONEOS_DEPLOYMENT_TARGET = 16.2;
				MTL_ENABLE_DEBUG_INFO = INCLUDE_SOURCE;
				MTL_FAST_MATH = YES;
				ONLY_ACTIVE_ARCH = YES;
				SDKROOT = iphoneos;
			};
			name = Debug;
		};
		C5DD76E029F1285F004842FF /* Release */ = {
			isa = XCBuildConfiguration;
			buildSettings = {
				ALWAYS_SEARCH_USER_PATHS = NO;
				CLANG_ANALYZER_NONNULL = YES;
				CLANG_ANALYZER_NUMBER_OBJECT_CONVERSION = YES_AGGRESSIVE;
				CLANG_CXX_LANGUAGE_STANDARD = "gnu++20";
				CLANG_ENABLE_MODULES = YES;
				CLANG_ENABLE_OBJC_ARC = YES;
				CLANG_ENABLE_OBJC_WEAK = YES;
				CLANG_WARN_BLOCK_CAPTURE_AUTORELEASING = YES;
				CLANG_WARN_BOOL_CONVERSION = YES;
				CLANG_WARN_COMMA = YES;
				CLANG_WARN_CONSTANT_CONVERSION = YES;
				CLANG_WARN_DEPRECATED_OBJC_IMPLEMENTATIONS = YES;
				CLANG_WARN_DIRECT_OBJC_ISA_USAGE = YES_ERROR;
				CLANG_WARN_DOCUMENTATION_COMMENTS = YES;
				CLANG_WARN_EMPTY_BODY = YES;
				CLANG_WARN_ENUM_CONVERSION = YES;
				CLANG_WARN_INFINITE_RECURSION = YES;
				CLANG_WARN_INT_CONVERSION = YES;
				CLANG_WARN_NON_LITERAL_NULL_CONVERSION = YES;
				CLANG_WARN_OBJC_IMPLICIT_RETAIN_SELF = YES;
				CLANG_WARN_OBJC_LITERAL_CONVERSION = YES;
				CLANG_WARN_OBJC_ROOT_CLASS = YES_ERROR;
				CLANG_WARN_QUOTED_INCLUDE_IN_FRAMEWORK_HEADER = YES;
				CLANG_WARN_RANGE_LOOP_ANALYSIS = YES;
				CLANG_WARN_STRICT_PROTOTYPES = YES;
				CLANG_WARN_SUSPICIOUS_MOVE = YES;
				CLANG_WARN_UNGUARDED_AVAILABILITY = YES_AGGRESSIVE;
				CLANG_WARN_UNREACHABLE_CODE = YES;
				CLANG_WARN__DUPLICATE_METHOD_MATCH = YES;
				COPY_PHASE_STRIP = NO;
				DEBUG_INFORMATION_FORMAT = "dwarf-with-dsym";
				ENABLE_NS_ASSERTIONS = NO;
				ENABLE_STRICT_OBJC_MSGSEND = YES;
				GCC_C_LANGUAGE_STANDARD = gnu11;
				GCC_NO_COMMON_BLOCKS = YES;
				GCC_WARN_64_TO_32_BIT_CONVERSION = YES;
				GCC_WARN_ABOUT_RETURN_TYPE = YES_ERROR;
				GCC_WARN_UNDECLARED_SELECTOR = YES;
				GCC_WARN_UNINITIALIZED_AUTOS = YES_AGGRESSIVE;
				GCC_WARN_UNUSED_FUNCTION = YES;
				GCC_WARN_UNUSED_VARIABLE = YES;
				IPHONEOS_DEPLOYMENT_TARGET = 16.2;
				MTL_ENABLE_DEBUG_INFO = NO;
				MTL_FAST_MATH = YES;
				SDKROOT = iphoneos;
				VALIDATE_PRODUCT = YES;
			};
			name = Release;
		};
		C5DD76E229F1285F004842FF /* Debug */ = {
			isa = XCBuildConfiguration;
			buildSettings = {
				ASSETCATALOG_COMPILER_APPICON_NAME = AppIcon;
				ASSETCATALOG_COMPILER_GLOBAL_ACCENT_COLOR_NAME = AccentColor;
				CODE_SIGN_STYLE = Automatic;
				CURRENT_PROJECT_VERSION = 1;
				DEVELOPMENT_TEAM = QXNU4PL557;
				GENERATE_INFOPLIST_FILE = YES;
				INFOPLIST_FILE = quicStreamDemo/Info.plist;
				INFOPLIST_KEY_UIApplicationSupportsIndirectInputEvents = YES;
				INFOPLIST_KEY_UILaunchStoryboardName = LaunchScreen;
				INFOPLIST_KEY_UIMainStoryboardFile = Main;
				INFOPLIST_KEY_UISupportedInterfaceOrientations_iPad = "UIInterfaceOrientationPortrait UIInterfaceOrientationPortraitUpsideDown UIInterfaceOrientationLandscapeLeft UIInterfaceOrientationLandscapeRight";
				INFOPLIST_KEY_UISupportedInterfaceOrientations_iPhone = "UIInterfaceOrientationPortrait UIInterfaceOrientationLandscapeLeft UIInterfaceOrientationLandscapeRight";
				IPHONEOS_DEPLOYMENT_TARGET = 15.0;
				LD_RUNPATH_SEARCH_PATHS = (
					"$(inherited)",
					"@executable_path/Frameworks",
				);
				MARKETING_VERSION = 1.0;
				PRODUCT_BUNDLE_IDENTIFIER = com.jia.quicStreamDemo;
				PRODUCT_NAME = "$(TARGET_NAME)";
				SWIFT_EMIT_LOC_STRINGS = YES;
				TARGETED_DEVICE_FAMILY = "1,2";
			};
			name = Debug;
		};
		C5DD76E329F1285F004842FF /* Release */ = {
			isa = XCBuildConfiguration;
			buildSettings = {
				ASSETCATALOG_COMPILER_APPICON_NAME = AppIcon;
				ASSETCATALOG_COMPILER_GLOBAL_ACCENT_COLOR_NAME = AccentColor;
				CODE_SIGN_STYLE = Automatic;
				CURRENT_PROJECT_VERSION = 1;
				DEVELOPMENT_TEAM = QXNU4PL557;
				GENERATE_INFOPLIST_FILE = YES;
				INFOPLIST_FILE = quicStreamDemo/Info.plist;
				INFOPLIST_KEY_UIApplicationSupportsIndirectInputEvents = YES;
				INFOPLIST_KEY_UILaunchStoryboardName = LaunchScreen;
				INFOPLIST_KEY_UIMainStoryboardFile = Main;
				INFOPLIST_KEY_UISupportedInterfaceOrientations_iPad = "UIInterfaceOrientationPortrait UIInterfaceOrientationPortraitUpsideDown UIInterfaceOrientationLandscapeLeft UIInterfaceOrientationLandscapeRight";
				INFOPLIST_KEY_UISupportedInterfaceOrientations_iPhone = "UIInterfaceOrientationPortrait UIInterfaceOrientationLandscapeLeft UIInterfaceOrientationLandscapeRight";
				IPHONEOS_DEPLOYMENT_TARGET = 15.0;
				LD_RUNPATH_SEARCH_PATHS = (
					"$(inherited)",
					"@executable_path/Frameworks",
				);
				MARKETING_VERSION = 1.0;
				PRODUCT_BUNDLE_IDENTIFIER = com.jia.quicStreamDemo;
				PRODUCT_NAME = "$(TARGET_NAME)";
				SWIFT_EMIT_LOC_STRINGS = YES;
				TARGETED_DEVICE_FAMILY = "1,2";
			};
			name = Release;
		};
		C5DD76E529F1285F004842FF /* Debug */ = {
			isa = XCBuildConfiguration;
			buildSettings = {
				BUNDLE_LOADER = "$(TEST_HOST)";
				CODE_SIGN_STYLE = Automatic;
				CURRENT_PROJECT_VERSION = 1;
				DEVELOPMENT_TEAM = QXNU4PL557;
				GENERATE_INFOPLIST_FILE = YES;
				IPHONEOS_DEPLOYMENT_TARGET = 16.2;
				MARKETING_VERSION = 1.0;
				PRODUCT_BUNDLE_IDENTIFIER = com.jia.quicStreamDemoTests;
				PRODUCT_NAME = "$(TARGET_NAME)";
				SWIFT_EMIT_LOC_STRINGS = NO;
				TARGETED_DEVICE_FAMILY = "1,2";
				TEST_HOST = "$(BUILT_PRODUCTS_DIR)/quicStreamDemo.app/$(BUNDLE_EXECUTABLE_FOLDER_PATH)/quicStreamDemo";
			};
			name = Debug;
		};
		C5DD76E629F1285F004842FF /* Release */ = {
			isa = XCBuildConfiguration;
			buildSettings = {
				BUNDLE_LOADER = "$(TEST_HOST)";
				CODE_SIGN_STYLE = Automatic;
				CURRENT_PROJECT_VERSION = 1;
				DEVELOPMENT_TEAM = QXNU4PL557;
				GENERATE_INFOPLIST_FILE = YES;
				IPHONEOS_DEPLOYMENT_TARGET = 16.2;
				MARKETING_VERSION = 1.0;
				PRODUCT_BUNDLE_IDENTIFIER = com.jia.quicStreamDemoTests;
				PRODUCT_NAME = "$(TARGET_NAME)";
				SWIFT_EMIT_LOC_STRINGS = NO;
				TARGETED_DEVICE_FAMILY = "1,2";
				TEST_HOST = "$(BUILT_PRODUCTS_DIR)/quicStreamDemo.app/$(BUNDLE_EXECUTABLE_FOLDER_PATH)/quicStreamDemo";
			};
			name = Release;
		};
		C5DD76E829F1285F004842FF /* Debug */ = {
			isa = XCBuildConfiguration;
			buildSettings = {
				CODE_SIGN_STYLE = Automatic;
				CURRENT_PROJECT_VERSION = 1;
				DEVELOPMENT_TEAM = QXNU4PL557;
				GENERATE_INFOPLIST_FILE = YES;
				MARKETING_VERSION = 1.0;
				PRODUCT_BUNDLE_IDENTIFIER = com.jia.quicStreamDemoUITests;
				PRODUCT_NAME = "$(TARGET_NAME)";
				SWIFT_EMIT_LOC_STRINGS = NO;
				TARGETED_DEVICE_FAMILY = "1,2";
				TEST_TARGET_NAME = quicStreamDemo;
			};
			name = Debug;
		};
		C5DD76E929F1285F004842FF /* Release */ = {
			isa = XCBuildConfiguration;
			buildSettings = {
				CODE_SIGN_STYLE = Automatic;
				CURRENT_PROJECT_VERSION = 1;
				DEVELOPMENT_TEAM = QXNU4PL557;
				GENERATE_INFOPLIST_FILE = YES;
				MARKETING_VERSION = 1.0;
				PRODUCT_BUNDLE_IDENTIFIER = com.jia.quicStreamDemoUITests;
				PRODUCT_NAME = "$(TARGET_NAME)";
				SWIFT_EMIT_LOC_STRINGS = NO;
				TARGETED_DEVICE_FAMILY = "1,2";
				TEST_TARGET_NAME = quicStreamDemo;
			};
			name = Release;
		};
/* End XCBuildConfiguration section */

/* Begin XCConfigurationList section */
		C5DD76AD29F1285E004842FF /* Build configuration list for PBXProject "quicStreamDemo" */ = {
			isa = XCConfigurationList;
			buildConfigurations = (
				C5DD76DF29F1285F004842FF /* Debug */,
				C5DD76E029F1285F004842FF /* Release */,
			);
			defaultConfigurationIsVisible = 0;
			defaultConfigurationName = Release;
		};
		C5DD76E129F1285F004842FF /* Build configuration list for PBXNativeTarget "quicStreamDemo" */ = {
			isa = XCConfigurationList;
			buildConfigurations = (
				C5DD76E229F1285F004842FF /* Debug */,
				C5DD76E329F1285F004842FF /* Release */,
			);
			defaultConfigurationIsVisible = 0;
			defaultConfigurationName = Release;
		};
		C5DD76E429F1285F004842FF /* Build configuration list for PBXNativeTarget "quicStreamDemoTests" */ = {
			isa = XCConfigurationList;
			buildConfigurations = (
				C5DD76E529F1285F004842FF /* Debug */,
				C5DD76E629F1285F004842FF /* Release */,
			);
			defaultConfigurationIsVisible = 0;
			defaultConfigurationName = Release;
		};
		C5DD76E729F1285F004842FF /* Build configuration list for PBXNativeTarget "quicStreamDemoUITests" */ = {
			isa = XCConfigurationList;
			buildConfigurations = (
				C5DD76E829F1285F004842FF /* Debug */,
				C5DD76E929F1285F004842FF /* Release */,
			);
			defaultConfigurationIsVisible = 0;
			defaultConfigurationName = Release;
		};
/* End XCConfigurationList section */
	};
	rootObject = C5DD76AA29F1285E004842FF /* Project object */;
}
